
Microsoft Visual Studio Solution File, Format Version 12.00
Project("{FAE04EC0-301F-11D3-BF4B-00C04F79EFBC}") = "ProductStorageEF.Console", "ProductStorageEF.Console\ProductStorageEF.Console.csproj", "{5B8AA5D7-843C-45D5-850A-C7C6C693D678}"
EndProject
Project("{FAE04EC0-301F-11D3-BF4B-00C04F79EFBC}") = "ProductStorageEF.Core", "ProductStorageEF.Core\ProductStorageEF.Core.csproj", "{3E76D19C-B16D-4A31-AD90-88B1D1AF3722}"
EndProject
Project("{FAE04EC0-301F-11D3-BF4B-00C04F79EFBC}") = "ProductStorageEF.Test", "ProductStorageEF.Test\ProductStorageEF.Test.csproj", "{75B5FF1E-C98D-46DF-8164-2F03EAF952DE}"
EndProject
Global
	GlobalSection(SolutionConfigurationPlatforms) = preSolution
		Debug|Any CPU = Debug|Any CPU
		Release|Any CPU = Release|Any CPU
	EndGlobalSection
	GlobalSection(ProjectConfigurationPlatforms) = postSolution
		{5B8AA5D7-843C-45D5-850A-C7C6C693D678}.Debug|Any CPU.ActiveCfg = Debug|Any CPU
		{5B8AA5D7-843C-45D5-850A-C7C6C693D678}.Debug|Any CPU.Build.0 = Debug|Any CPU
		{5B8AA5D7-843C-45D5-850A-C7C6C693D678}.Release|Any CPU.ActiveCfg = Release|Any CPU
		{5B8AA5D7-843C-45D5-850A-C7C6C693D678}.Release|Any CPU.Build.0 = Release|Any CPU
		{3E76D19C-B16D-4A31-AD90-88B1D1AF3722}.Debug|Any CPU.ActiveCfg = Debug|Any CPU
		{3E76D19C-B16D-4A31-AD90-88B1D1AF3722}.Debug|Any CPU.Build.0 = Debug|Any CPU
		{3E76D19C-B16D-4A31-AD90-88B1D1AF3722}.Release|Any CPU.ActiveCfg = Release|Any CPU
		{3E76D19C-B16D-4A31-AD90-88B1D1AF3722}.Release|Any CPU.Build.0 = Release|Any CPU
		{75B5FF1E-C98D-46DF-8164-2F03EAF952DE}.Debug|Any CPU.ActiveCfg = Debug|Any CPU
		{75B5FF1E-C98D-46DF-8164-2F03EAF952DE}.Debug|Any CPU.Build.0 = Debug|Any CPU
		{75B5FF1E-C98D-46DF-8164-2F03EAF952DE}.Release|Any CPU.ActiveCfg = Release|Any CPU
		{75B5FF1E-C98D-46DF-8164-2F03EAF952DE}.Release|Any CPU.Build.0 = Release|Any CPU
	EndGlobalSection
EndGlobal
